
Microsoft Visual Studio Solution File, Format Version 12.00
# Visual Studio Version 17
VisualStudioVersion = 17.0.31611.283
MinimumVisualStudioVersion = 10.0.40219.1
Project("{9A19103F-16F7-4668-BE54-9A1E7A4F7556}") = "Taxila", "Taxila\Taxila.csproj", "{5F1894A3-B21B-4DC0-84DE-269FB5553F88}"
EndProject
Project("{FAE04EC0-301F-11D3-BF4B-00C04F79EFBC}") = "Library", "Library\Library.csproj", "{1EEB1508-A8EC-4DC3-82E1-96D8026349DE}"
EndProject
Project("{9A19103F-16F7-4668-BE54-9A1E7A4F7556}") = "FolderSize", "FolderSize\FolderSize.csproj", "{F29C88B5-AAFF-4F1E-81CB-92259CA76A99}"
EndProject
Global
	GlobalSection(SolutionConfigurationPlatforms) = preSolution
		Debug|Any CPU = Debug|Any CPU
		Release|Any CPU = Release|Any CPU
	EndGlobalSection
	GlobalSection(ProjectConfigurationPlatforms) = postSolution
		{5F1894A3-B21B-4DC0-84DE-269FB5553F88}.Debug|Any CPU.ActiveCfg = Debug|Any CPU
		{5F1894A3-B21B-4DC0-84DE-269FB5553F88}.Debug|Any CPU.Build.0 = Debug|Any CPU
		{5F1894A3-B21B-4DC0-84DE-269FB5553F88}.Debug|Any CPU.Deploy.0 = Debug|Any CPU
		{5F1894A3-B21B-4DC0-84DE-269FB5553F88}.Release|Any CPU.ActiveCfg = Release|Any CPU
		{5F1894A3-B21B-4DC0-84DE-269FB5553F88}.Release|Any CPU.Build.0 = Release|Any CPU
		{5F1894A3-B21B-4DC0-84DE-269FB5553F88}.Release|Any CPU.Deploy.0 = Release|Any CPU
		{1EEB1508-A8EC-4DC3-82E1-96D8026349DE}.Debug|Any CPU.ActiveCfg = Debug|Any CPU
		{1EEB1508-A8EC-4DC3-82E1-96D8026349DE}.Debug|Any CPU.Build.0 = Debug|Any CPU
		{1EEB1508-A8EC-4DC3-82E1-96D8026349DE}.Release|Any CPU.ActiveCfg = Release|Any CPU
		{1EEB1508-A8EC-4DC3-82E1-96D8026349DE}.Release|Any CPU.Build.0 = Release|Any CPU
		{F29C88B5-AAFF-4F1E-81CB-92259CA76A99}.Debug|Any CPU.ActiveCfg = Debug|Any CPU
		{F29C88B5-AAFF-4F1E-81CB-92259CA76A99}.Debug|Any CPU.Build.0 = Debug|Any CPU
		{F29C88B5-AAFF-4F1E-81CB-92259CA76A99}.Release|Any CPU.ActiveCfg = Release|Any CPU
		{F29C88B5-AAFF-4F1E-81CB-92259CA76A99}.Release|Any CPU.Build.0 = Release|Any CPU
	EndGlobalSection
	GlobalSection(SolutionProperties) = preSolution
		HideSolutionNode = FALSE
	EndGlobalSection
	GlobalSection(ExtensibilityGlobals) = postSolution
		SolutionGuid = {61F7FB11-1E47-470C-91E2-47F8143E1572}
	EndGlobalSection
EndGlobal
